
Microsoft Visual Studio Solution File, Format Version 12.00
# Visual Studio 2013
VisualStudioVersion = 12.0.31101.0
MinimumVisualStudioVersion = 10.0.40219.1
Project("{FAE04EC0-301F-11D3-BF4B-00C04F79EFBC}") = "3-4 DataTypes", "3-4 DataTypes\3-4 DataTypes.csproj", "{81F3BB52-B67A-4190-AF02-9D70E1C79601}"
EndProject
Global
	GlobalSection(SolutionConfigurationPlatforms) = preSolution
		Debug|Any CPU = Debug|Any CPU
		Release|Any CPU = Release|Any CPU
	EndGlobalSection
	GlobalSection(ProjectConfigurationPlatforms) = postSolution
		{81F3BB52-B67A-4190-AF02-9D70E1C79601}.Debug|Any CPU.ActiveCfg = Debug|Any CPU
		{81F3BB52-B67A-4190-AF02-9D70E1C79601}.Debug|Any CPU.Build.0 = Debug|Any CPU
		{81F3BB52-B67A-4190-AF02-9D70E1C79601}.Release|Any CPU.ActiveCfg = Release|Any CPU
		{81F3BB52-B67A-4190-AF02-9D70E1C79601}.Release|Any CPU.Build.0 = Release|Any CPU
	EndGlobalSection
	GlobalSection(SolutionProperties) = preSolution
		HideSolutionNode = FALSE
	EndGlobalSection
EndGlobal
